// !$*UTF8*$!
{
	archiveVersion = 1;
	classes = {
	};
	objectVersion = 46;
	objects = {

/* Begin PBXBuildFile section */
		1737BE3923CBF367B6C92E91 /* Pods_Pharos.framework in Frameworks */ = {isa = PBXBuildFile; fileRef = B16E9B15501189B46D9C89B5 /* Pods_Pharos.framework */; };
		B5EDDA9217C7AD7F7F19D37B /* Pods_PharosTests.framework in Frameworks */ = {isa = PBXBuildFile; fileRef = 26B65D25F152FDB4BF66C872 /* Pods_PharosTests.framework */; };
		E092EC171DD7F583000DE1F2 /* AppDelegate.swift in Sources */ = {isa = PBXBuildFile; fileRef = E092EC161DD7F583000DE1F2 /* AppDelegate.swift */; };
		E092EC191DD7F583000DE1F2 /* FirstViewController.swift in Sources */ = {isa = PBXBuildFile; fileRef = E092EC181DD7F583000DE1F2 /* FirstViewController.swift */; };
		E092EC1B1DD7F583000DE1F2 /* SecondViewController.swift in Sources */ = {isa = PBXBuildFile; fileRef = E092EC1A1DD7F583000DE1F2 /* SecondViewController.swift */; };
		E092EC1E1DD7F583000DE1F2 /* Main.storyboard in Resources */ = {isa = PBXBuildFile; fileRef = E092EC1C1DD7F583000DE1F2 /* Main.storyboard */; };
		E092EC201DD7F583000DE1F2 /* Assets.xcassets in Resources */ = {isa = PBXBuildFile; fileRef = E092EC1F1DD7F583000DE1F2 /* Assets.xcassets */; };
		E092EC231DD7F583000DE1F2 /* LaunchScreen.storyboard in Resources */ = {isa = PBXBuildFile; fileRef = E092EC211DD7F583000DE1F2 /* LaunchScreen.storyboard */; };
		E092EC2E1DD7F583000DE1F2 /* PharosTests.swift in Sources */ = {isa = PBXBuildFile; fileRef = E092EC2D1DD7F583000DE1F2 /* PharosTests.swift */; };
		E0AECBC51DD7F951003735F1 /* FeedCardTableViewCell.swift in Sources */ = {isa = PBXBuildFile; fileRef = E0AECBC41DD7F951003735F1 /* FeedCardTableViewCell.swift */; };
		E0AECBC71DD7F9FE003735F1 /* FeedTableViewController.swift in Sources */ = {isa = PBXBuildFile; fileRef = E0AECBC61DD7F9FE003735F1 /* FeedTableViewController.swift */; };
		E0AECBC91DD803DA003735F1 /* AnswerViewController.swift in Sources */ = {isa = PBXBuildFile; fileRef = E0AECBC81DD803DA003735F1 /* AnswerViewController.swift */; };
		E0AECBCB1DD80756003735F1 /* mahmoud-bombs.mov in Resources */ = {isa = PBXBuildFile; fileRef = E0AECBCA1DD80756003735F1 /* mahmoud-bombs.mov */; };
/* End PBXBuildFile section */

/* Begin PBXContainerItemProxy section */
		E092EC2A1DD7F583000DE1F2 /* PBXContainerItemProxy */ = {
			isa = PBXContainerItemProxy;
			containerPortal = E092EC0B1DD7F583000DE1F2 /* Project object */;
			proxyType = 1;
			remoteGlobalIDString = E092EC121DD7F583000DE1F2;
			remoteInfo = Pharos;
		};
/* End PBXContainerItemProxy section */

/* Begin PBXFileReference section */
		26B65D25F152FDB4BF66C872 /* Pods_PharosTests.framework */ = {isa = PBXFileReference; explicitFileType = wrapper.framework; includeInIndex = 0; path = Pods_PharosTests.framework; sourceTree = BUILT_PRODUCTS_DIR; };
		B16E9B15501189B46D9C89B5 /* Pods_Pharos.framework */ = {isa = PBXFileReference; explicitFileType = wrapper.framework; includeInIndex = 0; path = Pods_Pharos.framework; sourceTree = BUILT_PRODUCTS_DIR; };
		BD7E24A60DD576D410E55519 /* Pods-Pharos.debug.xcconfig */ = {isa = PBXFileReference; includeInIndex = 1; lastKnownFileType = text.xcconfig; name = "Pods-Pharos.debug.xcconfig"; path = "Pods/Target Support Files/Pods-Pharos/Pods-Pharos.debug.xcconfig"; sourceTree = "<group>"; };
		C8E28F23B5EFBCEFCC040FB8 /* Pods-Pharos.release.xcconfig */ = {isa = PBXFileReference; includeInIndex = 1; lastKnownFileType = text.xcconfig; name = "Pods-Pharos.release.xcconfig"; path = "Pods/Target Support Files/Pods-Pharos/Pods-Pharos.release.xcconfig"; sourceTree = "<group>"; };
		CC47CC2745E7C39D0328B192 /* Pods-PharosTests.debug.xcconfig */ = {isa = PBXFileReference; includeInIndex = 1; lastKnownFileType = text.xcconfig; name = "Pods-PharosTests.debug.xcconfig"; path = "Pods/Target Support Files/Pods-PharosTests/Pods-PharosTests.debug.xcconfig"; sourceTree = "<group>"; };
		E092EC131DD7F583000DE1F2 /* Pharos.app */ = {isa = PBXFileReference; explicitFileType = wrapper.application; includeInIndex = 0; path = Pharos.app; sourceTree = BUILT_PRODUCTS_DIR; };
		E092EC161DD7F583000DE1F2 /* AppDelegate.swift */ = {isa = PBXFileReference; lastKnownFileType = sourcecode.swift; path = AppDelegate.swift; sourceTree = "<group>"; };
		E092EC181DD7F583000DE1F2 /* FirstViewController.swift */ = {isa = PBXFileReference; lastKnownFileType = sourcecode.swift; path = FirstViewController.swift; sourceTree = "<group>"; };
		E092EC1A1DD7F583000DE1F2 /* SecondViewController.swift */ = {isa = PBXFileReference; lastKnownFileType = sourcecode.swift; path = SecondViewController.swift; sourceTree = "<group>"; };
		E092EC1D1DD7F583000DE1F2 /* Base */ = {isa = PBXFileReference; lastKnownFileType = file.storyboard; name = Base; path = Base.lproj/Main.storyboard; sourceTree = "<group>"; };
		E092EC1F1DD7F583000DE1F2 /* Assets.xcassets */ = {isa = PBXFileReference; lastKnownFileType = folder.assetcatalog; path = Assets.xcassets; sourceTree = "<group>"; };
		E092EC221DD7F583000DE1F2 /* Base */ = {isa = PBXFileReference; lastKnownFileType = file.storyboard; name = Base; path = Base.lproj/LaunchScreen.storyboard; sourceTree = "<group>"; };
		E092EC241DD7F583000DE1F2 /* Info.plist */ = {isa = PBXFileReference; lastKnownFileType = text.plist.xml; path = Info.plist; sourceTree = "<group>"; };
		E092EC291DD7F583000DE1F2 /* PharosTests.xctest */ = {isa = PBXFileReference; explicitFileType = wrapper.cfbundle; includeInIndex = 0; path = PharosTests.xctest; sourceTree = BUILT_PRODUCTS_DIR; };
		E092EC2D1DD7F583000DE1F2 /* PharosTests.swift */ = {isa = PBXFileReference; lastKnownFileType = sourcecode.swift; path = PharosTests.swift; sourceTree = "<group>"; };
		E092EC2F1DD7F583000DE1F2 /* Info.plist */ = {isa = PBXFileReference; lastKnownFileType = text.plist.xml; path = Info.plist; sourceTree = "<group>"; };
		E0AECBC41DD7F951003735F1 /* FeedCardTableViewCell.swift */ = {isa = PBXFileReference; fileEncoding = 4; lastKnownFileType = sourcecode.swift; path = FeedCardTableViewCell.swift; sourceTree = "<group>"; };
		E0AECBC61DD7F9FE003735F1 /* FeedTableViewController.swift */ = {isa = PBXFileReference; fileEncoding = 4; lastKnownFileType = sourcecode.swift; path = FeedTableViewController.swift; sourceTree = "<group>"; };
		E0AECBC81DD803DA003735F1 /* AnswerViewController.swift */ = {isa = PBXFileReference; fileEncoding = 4; lastKnownFileType = sourcecode.swift; path = AnswerViewController.swift; sourceTree = "<group>"; };
		E0AECBCA1DD80756003735F1 /* mahmoud-bombs.mov */ = {isa = PBXFileReference; lastKnownFileType = video.quicktime; path = "mahmoud-bombs.mov"; sourceTree = "<group>"; };
		E4715B6737AF1A404ADFBE63 /* Pods-PharosTests.release.xcconfig */ = {isa = PBXFileReference; includeInIndex = 1; lastKnownFileType = text.xcconfig; name = "Pods-PharosTests.release.xcconfig"; path = "Pods/Target Support Files/Pods-PharosTests/Pods-PharosTests.release.xcconfig"; sourceTree = "<group>"; };
/* End PBXFileReference section */

/* Begin PBXFrameworksBuildPhase section */
		E092EC101DD7F583000DE1F2 /* Frameworks */ = {
			isa = PBXFrameworksBuildPhase;
			buildActionMask = 2147483647;
			files = (
				1737BE3923CBF367B6C92E91 /* Pods_Pharos.framework in Frameworks */,
			);
			runOnlyForDeploymentPostprocessing = 0;
		};
		E092EC261DD7F583000DE1F2 /* Frameworks */ = {
			isa = PBXFrameworksBuildPhase;
			buildActionMask = 2147483647;
			files = (
				B5EDDA9217C7AD7F7F19D37B /* Pods_PharosTests.framework in Frameworks */,
			);
			runOnlyForDeploymentPostprocessing = 0;
		};
/* End PBXFrameworksBuildPhase section */

/* Begin PBXGroup section */
		57A63A49057837CF09B0D416 /* Pods */ = {
			isa = PBXGroup;
			children = (
				BD7E24A60DD576D410E55519 /* Pods-Pharos.debug.xcconfig */,
				C8E28F23B5EFBCEFCC040FB8 /* Pods-Pharos.release.xcconfig */,
				CC47CC2745E7C39D0328B192 /* Pods-PharosTests.debug.xcconfig */,
				E4715B6737AF1A404ADFBE63 /* Pods-PharosTests.release.xcconfig */,
			);
			name = Pods;
			sourceTree = "<group>";
		};
		66BC310D73D1DC0BD43309BB /* Frameworks */ = {
			isa = PBXGroup;
			children = (
				B16E9B15501189B46D9C89B5 /* Pods_Pharos.framework */,
				26B65D25F152FDB4BF66C872 /* Pods_PharosTests.framework */,
			);
			name = Frameworks;
			sourceTree = "<group>";
		};
		E092EC0A1DD7F583000DE1F2 = {
			isa = PBXGroup;
			children = (
				E092EC151DD7F583000DE1F2 /* Pharos */,
				E092EC2C1DD7F583000DE1F2 /* PharosTests */,
				E092EC141DD7F583000DE1F2 /* Products */,
				57A63A49057837CF09B0D416 /* Pods */,
				66BC310D73D1DC0BD43309BB /* Frameworks */,
			);
			sourceTree = "<group>";
		};
		E092EC141DD7F583000DE1F2 /* Products */ = {
			isa = PBXGroup;
			children = (
				E092EC131DD7F583000DE1F2 /* Pharos.app */,
				E092EC291DD7F583000DE1F2 /* PharosTests.xctest */,
			);
			name = Products;
			sourceTree = "<group>";
		};
		E092EC151DD7F583000DE1F2 /* Pharos */ = {
			isa = PBXGroup;
			children = (
				E092EC161DD7F583000DE1F2 /* AppDelegate.swift */,
				E092EC181DD7F583000DE1F2 /* FirstViewController.swift */,
				E092EC1A1DD7F583000DE1F2 /* SecondViewController.swift */,
				E092EC1C1DD7F583000DE1F2 /* Main.storyboard */,
				E092EC1F1DD7F583000DE1F2 /* Assets.xcassets */,
				E0AECBCA1DD80756003735F1 /* mahmoud-bombs.mov */,
				E092EC211DD7F583000DE1F2 /* LaunchScreen.storyboard */,
				E092EC241DD7F583000DE1F2 /* Info.plist */,
				E0AECBC41DD7F951003735F1 /* FeedCardTableViewCell.swift */,
				E0AECBC61DD7F9FE003735F1 /* FeedTableViewController.swift */,
				E0AECBC81DD803DA003735F1 /* AnswerViewController.swift */,
			);
			path = Pharos;
			sourceTree = "<group>";
		};
		E092EC2C1DD7F583000DE1F2 /* PharosTests */ = {
			isa = PBXGroup;
			children = (
				E092EC2D1DD7F583000DE1F2 /* PharosTests.swift */,
				E092EC2F1DD7F583000DE1F2 /* Info.plist */,
			);
			path = PharosTests;
			sourceTree = "<group>";
		};
/* End PBXGroup section */

/* Begin PBXNativeTarget section */
		E092EC121DD7F583000DE1F2 /* Pharos */ = {
			isa = PBXNativeTarget;
			buildConfigurationList = E092EC321DD7F583000DE1F2 /* Build configuration list for PBXNativeTarget "Pharos" */;
			buildPhases = (
				DC6F835F4556E9A98A616D7A /* [CP] Check Pods Manifest.lock */,
				E092EC0F1DD7F583000DE1F2 /* Sources */,
				E092EC101DD7F583000DE1F2 /* Frameworks */,
				E092EC111DD7F583000DE1F2 /* Resources */,
				BB03ACFA3A1E40E2DDB239EF /* [CP] Embed Pods Frameworks */,
				780E4AA2A348E4C47935BE5E /* [CP] Copy Pods Resources */,
			);
			buildRules = (
			);
			dependencies = (
			);
			name = Pharos;
			productName = Pharos;
			productReference = E092EC131DD7F583000DE1F2 /* Pharos.app */;
			productType = "com.apple.product-type.application";
		};
		E092EC281DD7F583000DE1F2 /* PharosTests */ = {
			isa = PBXNativeTarget;
			buildConfigurationList = E092EC351DD7F583000DE1F2 /* Build configuration list for PBXNativeTarget "PharosTests" */;
			buildPhases = (
				B7527769053AD1EB721BB9AE /* [CP] Check Pods Manifest.lock */,
				E092EC251DD7F583000DE1F2 /* Sources */,
				E092EC261DD7F583000DE1F2 /* Frameworks */,
				E092EC271DD7F583000DE1F2 /* Resources */,
				0C57AF348FCA32F5C6E1F1F9 /* [CP] Embed Pods Frameworks */,
				F484CBDFB293683D83268806 /* [CP] Copy Pods Resources */,
			);
			buildRules = (
			);
			dependencies = (
				E092EC2B1DD7F583000DE1F2 /* PBXTargetDependency */,
			);
			name = PharosTests;
			productName = PharosTests;
			productReference = E092EC291DD7F583000DE1F2 /* PharosTests.xctest */;
			productType = "com.apple.product-type.bundle.unit-test";
		};
/* End PBXNativeTarget section */

/* Begin PBXProject section */
		E092EC0B1DD7F583000DE1F2 /* Project object */ = {
			isa = PBXProject;
			attributes = {
				LastSwiftUpdateCheck = 0800;
				LastUpgradeCheck = 0800;
				ORGANIZATIONNAME = Pharos;
				TargetAttributes = {
					E092EC121DD7F583000DE1F2 = {
						CreatedOnToolsVersion = 8.0;
						DevelopmentTeam = D7GF6E8YLK;
						ProvisioningStyle = Automatic;
					};
					E092EC281DD7F583000DE1F2 = {
						CreatedOnToolsVersion = 8.0;
						DevelopmentTeam = D7GF6E8YLK;
						ProvisioningStyle = Automatic;
						TestTargetID = E092EC121DD7F583000DE1F2;
					};
				};
			};
			buildConfigurationList = E092EC0E1DD7F583000DE1F2 /* Build configuration list for PBXProject "Pharos" */;
			compatibilityVersion = "Xcode 3.2";
			developmentRegion = English;
			hasScannedForEncodings = 0;
			knownRegions = (
				en,
				Base,
			);
			mainGroup = E092EC0A1DD7F583000DE1F2;
			productRefGroup = E092EC141DD7F583000DE1F2 /* Products */;
			projectDirPath = "";
			projectRoot = "";
			targets = (
				E092EC121DD7F583000DE1F2 /* Pharos */,
				E092EC281DD7F583000DE1F2 /* PharosTests */,
			);
		};
/* End PBXProject section */

/* Begin PBXResourcesBuildPhase section */
		E092EC111DD7F583000DE1F2 /* Resources */ = {
			isa = PBXResourcesBuildPhase;
			buildActionMask = 2147483647;
			files = (
				E0AECBCB1DD80756003735F1 /* mahmoud-bombs.mov in Resources */,
				E092EC231DD7F583000DE1F2 /* LaunchScreen.storyboard in Resources */,
				E092EC201DD7F583000DE1F2 /* Assets.xcassets in Resources */,
				E092EC1E1DD7F583000DE1F2 /* Main.storyboard in Resources */,
			);
			runOnlyForDeploymentPostprocessing = 0;
		};
		E092EC271DD7F583000DE1F2 /* Resources */ = {
			isa = PBXResourcesBuildPhase;
			buildActionMask = 2147483647;
			files = (
			);
			runOnlyForDeploymentPostprocessing = 0;
		};
/* End PBXResourcesBuildPhase section */

/* Begin PBXShellScriptBuildPhase section */
		0C57AF348FCA32F5C6E1F1F9 /* [CP] Embed Pods Frameworks */ = {
			isa = PBXShellScriptBuildPhase;
			buildActionMask = 2147483647;
			files = (
			);
			inputPaths = (
			);
			name = "[CP] Embed Pods Frameworks";
			outputPaths = (
			);
			runOnlyForDeploymentPostprocessing = 0;
			shellPath = /bin/sh;
			shellScript = "\"${SRCROOT}/Pods/Target Support Files/Pods-PharosTests/Pods-PharosTests-frameworks.sh\"\n";
			showEnvVarsInLog = 0;
		};
		780E4AA2A348E4C47935BE5E /* [CP] Copy Pods Resources */ = {
			isa = PBXShellScriptBuildPhase;
			buildActionMask = 2147483647;
			files = (
			);
			inputPaths = (
			);
			name = "[CP] Copy Pods Resources";
			outputPaths = (
			);
			runOnlyForDeploymentPostprocessing = 0;
			shellPath = /bin/sh;
			shellScript = "\"${SRCROOT}/Pods/Target Support Files/Pods-Pharos/Pods-Pharos-resources.sh\"\n";
			showEnvVarsInLog = 0;
		};
		B7527769053AD1EB721BB9AE /* [CP] Check Pods Manifest.lock */ = {
			isa = PBXShellScriptBuildPhase;
			buildActionMask = 2147483647;
			files = (
			);
			inputPaths = (
			);
			name = "[CP] Check Pods Manifest.lock";
			outputPaths = (
			);
			runOnlyForDeploymentPostprocessing = 0;
			shellPath = /bin/sh;
			shellScript = "diff \"${PODS_ROOT}/../Podfile.lock\" \"${PODS_ROOT}/Manifest.lock\" > /dev/null\nif [ $? != 0 ] ; then\n    # print error to STDERR\n    echo \"error: The sandbox is not in sync with the Podfile.lock. Run 'pod install' or update your CocoaPods installation.\" >&2\n    exit 1\nfi\n";
			showEnvVarsInLog = 0;
		};
		BB03ACFA3A1E40E2DDB239EF /* [CP] Embed Pods Frameworks */ = {
			isa = PBXShellScriptBuildPhase;
			buildActionMask = 2147483647;
			files = (
			);
			inputPaths = (
			);
			name = "[CP] Embed Pods Frameworks";
			outputPaths = (
			);
			runOnlyForDeploymentPostprocessing = 0;
			shellPath = /bin/sh;
			shellScript = "\"${SRCROOT}/Pods/Target Support Files/Pods-Pharos/Pods-Pharos-frameworks.sh\"\n";
			showEnvVarsInLog = 0;
		};
		DC6F835F4556E9A98A616D7A /* [CP] Check Pods Manifest.lock */ = {
			isa = PBXShellScriptBuildPhase;
			buildActionMask = 2147483647;
			files = (
			);
			inputPaths = (
			);
			name = "[CP] Check Pods Manifest.lock";
			outputPaths = (
			);
			runOnlyForDeploymentPostprocessing = 0;
			shellPath = /bin/sh;
			shellScript = "diff \"${PODS_ROOT}/../Podfile.lock\" \"${PODS_ROOT}/Manifest.lock\" > /dev/null\nif [ $? != 0 ] ; then\n    # print error to STDERR\n    echo \"error: The sandbox is not in sync with the Podfile.lock. Run 'pod install' or update your CocoaPods installation.\" >&2\n    exit 1\nfi\n";
			showEnvVarsInLog = 0;
		};
		F484CBDFB293683D83268806 /* [CP] Copy Pods Resources */ = {
			isa = PBXShellScriptBuildPhase;
			buildActionMask = 2147483647;
			files = (
			);
			inputPaths = (
			);
			name = "[CP] Copy Pods Resources";
			outputPaths = (
			);
			runOnlyForDeploymentPostprocessing = 0;
			shellPath = /bin/sh;
			shellScript = "\"${SRCROOT}/Pods/Target Support Files/Pods-PharosTests/Pods-PharosTests-resources.sh\"\n";
			showEnvVarsInLog = 0;
		};
/* End PBXShellScriptBuildPhase section */

/* Begin PBXSourcesBuildPhase section */
		E092EC0F1DD7F583000DE1F2 /* Sources */ = {
			isa = PBXSourcesBuildPhase;
			buildActionMask = 2147483647;
			files = (
				E0AECBC91DD803DA003735F1 /* AnswerViewController.swift in Sources */,
				E092EC1B1DD7F583000DE1F2 /* SecondViewController.swift in Sources */,
				E092EC171DD7F583000DE1F2 /* AppDelegate.swift in Sources */,
				E0AECBC71DD7F9FE003735F1 /* FeedTableViewController.swift in Sources */,
				E092EC191DD7F583000DE1F2 /* FirstViewController.swift in Sources */,
				E0AECBC51DD7F951003735F1 /* FeedCardTableViewCell.swift in Sources */,
			);
			runOnlyForDeploymentPostprocessing = 0;
		};
		E092EC251DD7F583000DE1F2 /* Sources */ = {
			isa = PBXSourcesBuildPhase;
			buildActionMask = 2147483647;
			files = (
				E092EC2E1DD7F583000DE1F2 /* PharosTests.swift in Sources */,
			);
			runOnlyForDeploymentPostprocessing = 0;
		};
/* End PBXSourcesBuildPhase section */

/* Begin PBXTargetDependency section */
		E092EC2B1DD7F583000DE1F2 /* PBXTargetDependency */ = {
			isa = PBXTargetDependency;
			target = E092EC121DD7F583000DE1F2 /* Pharos */;
			targetProxy = E092EC2A1DD7F583000DE1F2 /* PBXContainerItemProxy */;
		};
/* End PBXTargetDependency section */

/* Begin PBXVariantGroup section */
		E092EC1C1DD7F583000DE1F2 /* Main.storyboard */ = {
			isa = PBXVariantGroup;
			children = (
				E092EC1D1DD7F583000DE1F2 /* Base */,
			);
			name = Main.storyboard;
			sourceTree = "<group>";
		};
		E092EC211DD7F583000DE1F2 /* LaunchScreen.storyboard */ = {
			isa = PBXVariantGroup;
			children = (
				E092EC221DD7F583000DE1F2 /* Base */,
			);
			name = LaunchScreen.storyboard;
			sourceTree = "<group>";
		};
/* End PBXVariantGroup section */

/* Begin XCBuildConfiguration section */
		E092EC301DD7F583000DE1F2 /* Debug */ = {
			isa = XCBuildConfiguration;
			buildSettings = {
				ALWAYS_SEARCH_USER_PATHS = NO;
				CLANG_ANALYZER_NONNULL = YES;
				CLANG_CXX_LANGUAGE_STANDARD = "gnu++0x";
				CLANG_CXX_LIBRARY = "libc++";
				CLANG_ENABLE_MODULES = YES;
				CLANG_ENABLE_OBJC_ARC = YES;
				CLANG_WARN_BOOL_CONVERSION = YES;
				CLANG_WARN_CONSTANT_CONVERSION = YES;
				CLANG_WARN_DIRECT_OBJC_ISA_USAGE = YES_ERROR;
				CLANG_WARN_DOCUMENTATION_COMMENTS = YES;
				CLANG_WARN_EMPTY_BODY = YES;
				CLANG_WARN_ENUM_CONVERSION = YES;
				CLANG_WARN_INFINITE_RECURSION = YES;
				CLANG_WARN_INT_CONVERSION = YES;
				CLANG_WARN_OBJC_ROOT_CLASS = YES_ERROR;
				CLANG_WARN_SUSPICIOUS_MOVES = YES;
				CLANG_WARN_UNREACHABLE_CODE = YES;
				CLANG_WARN__DUPLICATE_METHOD_MATCH = YES;
				"CODE_SIGN_IDENTITY[sdk=iphoneos*]" = "iPhone Developer";
				COPY_PHASE_STRIP = NO;
				DEBUG_INFORMATION_FORMAT = dwarf;
				ENABLE_STRICT_OBJC_MSGSEND = YES;
				ENABLE_TESTABILITY = YES;
				GCC_C_LANGUAGE_STANDARD = gnu99;
				GCC_DYNAMIC_NO_PIC = NO;
				GCC_NO_COMMON_BLOCKS = YES;
				GCC_OPTIMIZATION_LEVEL = 0;
				GCC_PREPROCESSOR_DEFINITIONS = (
					"DEBUG=1",
					"$(inherited)",
				);
				GCC_WARN_64_TO_32_BIT_CONVERSION = YES;
				GCC_WARN_ABOUT_RETURN_TYPE = YES_ERROR;
				GCC_WARN_UNDECLARED_SELECTOR = YES;
				GCC_WARN_UNINITIALIZED_AUTOS = YES_AGGRESSIVE;
				GCC_WARN_UNUSED_FUNCTION = YES;
				GCC_WARN_UNUSED_VARIABLE = YES;
				IPHONEOS_DEPLOYMENT_TARGET = 10.0;
				MTL_ENABLE_DEBUG_INFO = YES;
				ONLY_ACTIVE_ARCH = YES;
				SDKROOT = iphoneos;
				SWIFT_ACTIVE_COMPILATION_CONDITIONS = DEBUG;
				SWIFT_OPTIMIZATION_LEVEL = "-Onone";
				TARGETED_DEVICE_FAMILY = "1,2";
			};
			name = Debug;
		};
		E092EC311DD7F583000DE1F2 /* Release */ = {
			isa = XCBuildConfiguration;
			buildSettings = {
				ALWAYS_SEARCH_USER_PATHS = NO;
				CLANG_ANALYZER_NONNULL = YES;
				CLANG_CXX_LANGUAGE_STANDARD = "gnu++0x";
				CLANG_CXX_LIBRARY = "libc++";
				CLANG_ENABLE_MODULES = YES;
				CLANG_ENABLE_OBJC_ARC = YES;
				CLANG_WARN_BOOL_CONVERSION = YES;
				CLANG_WARN_CONSTANT_CONVERSION = YES;
				CLANG_WARN_DIRECT_OBJC_ISA_USAGE = YES_ERROR;
				CLANG_WARN_DOCUMENTATION_COMMENTS = YES;
				CLANG_WARN_EMPTY_BODY = YES;
				CLANG_WARN_ENUM_CONVERSION = YES;
				CLANG_WARN_INFINITE_RECURSION = YES;
				CLANG_WARN_INT_CONVERSION = YES;
				CLANG_WARN_OBJC_ROOT_CLASS = YES_ERROR;
				CLANG_WARN_SUSPICIOUS_MOVES = YES;
				CLANG_WARN_UNREACHABLE_CODE = YES;
				CLANG_WARN__DUPLICATE_METHOD_MATCH = YES;
				"CODE_SIGN_IDENTITY[sdk=iphoneos*]" = "iPhone Developer";
				COPY_PHASE_STRIP = NO;
				DEBUG_INFORMATION_FORMAT = "dwarf-with-dsym";
				ENABLE_NS_ASSERTIONS = NO;
				ENABLE_STRICT_OBJC_MSGSEND = YES;
				GCC_C_LANGUAGE_STANDARD = gnu99;
				GCC_NO_COMMON_BLOCKS = YES;
				GCC_WARN_64_TO_32_BIT_CONVERSION = YES;
				GCC_WARN_ABOUT_RETURN_TYPE = YES_ERROR;
				GCC_WARN_UNDECLARED_SELECTOR = YES;
				GCC_WARN_UNINITIALIZED_AUTOS = YES_AGGRESSIVE;
				GCC_WARN_UNUSED_FUNCTION = YES;
				GCC_WARN_UNUSED_VARIABLE = YES;
				IPHONEOS_DEPLOYMENT_TARGET = 10.0;
				MTL_ENABLE_DEBUG_INFO = NO;
				SDKROOT = iphoneos;
				SWIFT_OPTIMIZATION_LEVEL = "-Owholemodule";
				TARGETED_DEVICE_FAMILY = "1,2";
				VALIDATE_PRODUCT = YES;
			};
			name = Release;
		};
		E092EC331DD7F583000DE1F2 /* Debug */ = {
			isa = XCBuildConfiguration;
			baseConfigurationReference = BD7E24A60DD576D410E55519 /* Pods-Pharos.debug.xcconfig */;
			buildSettings = {
				ASSETCATALOG_COMPILER_APPICON_NAME = AppIcon;
				DEVELOPMENT_TEAM = D7GF6E8YLK;
				INFOPLIST_FILE = Pharos/Info.plist;
				LD_RUNPATH_SEARCH_PATHS = "$(inherited) @executable_path/Frameworks";
				PRODUCT_BUNDLE_IDENTIFIER = co.pharosapp.Pharos;
				PRODUCT_NAME = "$(TARGET_NAME)";
				SWIFT_VERSION = 3.0;
			};
			name = Debug;
		};
		E092EC341DD7F583000DE1F2 /* Release */ = {
			isa = XCBuildConfiguration;
			baseConfigurationReference = C8E28F23B5EFBCEFCC040FB8 /* Pods-Pharos.release.xcconfig */;
			buildSettings = {
				ASSETCATALOG_COMPILER_APPICON_NAME = AppIcon;
				DEVELOPMENT_TEAM = D7GF6E8YLK;
				INFOPLIST_FILE = Pharos/Info.plist;
				LD_RUNPATH_SEARCH_PATHS = "$(inherited) @executable_path/Frameworks";
				PRODUCT_BUNDLE_IDENTIFIER = co.pharosapp.Pharos;
				PRODUCT_NAME = "$(TARGET_NAME)";
				SWIFT_VERSION = 3.0;
			};
			name = Release;
		};
		E092EC361DD7F583000DE1F2 /* Debug */ = {
			isa = XCBuildConfiguration;
			baseConfigurationReference = CC47CC2745E7C39D0328B192 /* Pods-PharosTests.debug.xcconfig */;
			buildSettings = {
				ALWAYS_EMBED_SWIFT_STANDARD_LIBRARIES = YES;
				BUNDLE_LOADER = "$(TEST_HOST)";
				DEVELOPMENT_TEAM = D7GF6E8YLK;
				INFOPLIST_FILE = PharosTests/Info.plist;
				LD_RUNPATH_SEARCH_PATHS = "$(inherited) @executable_path/Frameworks @loader_path/Frameworks";
				PRODUCT_BUNDLE_IDENTIFIER = co.pharosapp.PharosTests;
				PRODUCT_NAME = "$(TARGET_NAME)";
				SWIFT_VERSION = 3.0;
				TEST_HOST = "$(BUILT_PRODUCTS_DIR)/Pharos.app/Pharos";
			};
			name = Debug;
		};
		E092EC371DD7F583000DE1F2 /* Release */ = {
			isa = XCBuildConfiguration;
			baseConfigurationReference = E4715B6737AF1A404ADFBE63 /* Pods-PharosTests.release.xcconfig */;
			buildSettings = {
				ALWAYS_EMBED_SWIFT_STANDARD_LIBRARIES = YES;
				BUNDLE_LOADER = "$(TEST_HOST)";
				DEVELOPMENT_TEAM = D7GF6E8YLK;
				INFOPLIST_FILE = PharosTests/Info.plist;
				LD_RUNPATH_SEARCH_PATHS = "$(inherited) @executable_path/Frameworks @loader_path/Frameworks";
				PRODUCT_BUNDLE_IDENTIFIER = co.pharosapp.PharosTests;
				PRODUCT_NAME = "$(TARGET_NAME)";
				SWIFT_VERSION = 3.0;
				TEST_HOST = "$(BUILT_PRODUCTS_DIR)/Pharos.app/Pharos";
			};
			name = Release;
		};
/* End XCBuildConfiguration section */

/* Begin XCConfigurationList section */
		E092EC0E1DD7F583000DE1F2 /* Build configuration list for PBXProject "Pharos" */ = {
			isa = XCConfigurationList;
			buildConfigurations = (
				E092EC301DD7F583000DE1F2 /* Debug */,
				E092EC311DD7F583000DE1F2 /* Release */,
			);
			defaultConfigurationIsVisible = 0;
			defaultConfigurationName = Release;
		};
		E092EC321DD7F583000DE1F2 /* Build configuration list for PBXNativeTarget "Pharos" */ = {
			isa = XCConfigurationList;
			buildConfigurations = (
				E092EC331DD7F583000DE1F2 /* Debug */,
				E092EC341DD7F583000DE1F2 /* Release */,
			);
			defaultConfigurationIsVisible = 0;
			defaultConfigurationName = Release;
		};
		E092EC351DD7F583000DE1F2 /* Build configuration list for PBXNativeTarget "PharosTests" */ = {
			isa = XCConfigurationList;
			buildConfigurations = (
				E092EC361DD7F583000DE1F2 /* Debug */,
				E092EC371DD7F583000DE1F2 /* Release */,
			);
			defaultConfigurationIsVisible = 0;
			defaultConfigurationName = Release;
		};
/* End XCConfigurationList section */
	};
	rootObject = E092EC0B1DD7F583000DE1F2 /* Project object */;
}
